
Microsoft Visual Studio Solution File, Format Version 12.00
# Visual Studio Version 17
VisualStudioVersion = 17.9.34616.47
MinimumVisualStudioVersion = 10.0.40219.1
Project("{FAE04EC0-301F-11D3-BF4B-00C04F79EFBC}") = "tpmodul4_1302223038", "tpmodul4_1302223038\tpmodul4_1302223038.csproj", "{48BFEEA7-BE20-40CF-A5C2-33EEE8B9F3DC}"
EndProject
Global
	GlobalSection(SolutionConfigurationPlatforms) = preSolution
		Debug|Any CPU = Debug|Any CPU
		Release|Any CPU = Release|Any CPU
	EndGlobalSection
	GlobalSection(ProjectConfigurationPlatforms) = postSolution
		{48BFEEA7-BE20-40CF-A5C2-33EEE8B9F3DC}.Debug|Any CPU.ActiveCfg = Debug|Any CPU
		{48BFEEA7-BE20-40CF-A5C2-33EEE8B9F3DC}.Debug|Any CPU.Build.0 = Debug|Any CPU
		{48BFEEA7-BE20-40CF-A5C2-33EEE8B9F3DC}.Release|Any CPU.ActiveCfg = Release|Any CPU
		{48BFEEA7-BE20-40CF-A5C2-33EEE8B9F3DC}.Release|Any CPU.Build.0 = Release|Any CPU
	EndGlobalSection
	GlobalSection(SolutionProperties) = preSolution
		HideSolutionNode = FALSE
	EndGlobalSection
	GlobalSection(ExtensibilityGlobals) = postSolution
		SolutionGuid = {857F7DFD-BFCF-4259-807D-3A5BF8453822}
	EndGlobalSection
EndGlobal
